
Microsoft Visual Studio Solution File, Format Version 12.00
# Visual Studio Version 17
VisualStudioVersion = 17.1.32328.378
MinimumVisualStudioVersion = 10.0.40219.1
Project("{FAE04EC0-301F-11D3-BF4B-00C04F79EFBC}") = "WebAppDemo", "WebAppDemo.csproj", "{79E3E04D-5F23-49E6-8A13-41C37DCB9BA9}"
EndProject
Global
	GlobalSection(SolutionConfigurationPlatforms) = preSolution
		Debug|Any CPU = Debug|Any CPU
		Release|Any CPU = Release|Any CPU
	EndGlobalSection
	GlobalSection(ProjectConfigurationPlatforms) = postSolution
		{79E3E04D-5F23-49E6-8A13-41C37DCB9BA9}.Debug|Any CPU.ActiveCfg = Debug|Any CPU
		{79E3E04D-5F23-49E6-8A13-41C37DCB9BA9}.Debug|Any CPU.Build.0 = Debug|Any CPU
		{79E3E04D-5F23-49E6-8A13-41C37DCB9BA9}.Release|Any CPU.ActiveCfg = Release|Any CPU
		{79E3E04D-5F23-49E6-8A13-41C37DCB9BA9}.Release|Any CPU.Build.0 = Release|Any CPU
	EndGlobalSection
	GlobalSection(SolutionProperties) = preSolution
		HideSolutionNode = FALSE
	EndGlobalSection
	GlobalSection(ExtensibilityGlobals) = postSolution
		SolutionGuid = {80AC3877-C325-43FA-A76C-4EC773CA6776}
	EndGlobalSection
EndGlobal
