
Microsoft Visual Studio Solution File, Format Version 12.00
# Visual Studio Version 17
VisualStudioVersion = 17.1.32328.378
MinimumVisualStudioVersion = 10.0.40219.1
Project("{FAE04EC0-301F-11D3-BF4B-00C04F79EFBC}") = "DailyReport", "DailyReport.csproj", "{BDBABE06-780F-466B-BA71-A6695B19F00D}"
EndProject
Global
	GlobalSection(SolutionConfigurationPlatforms) = preSolution
		Debug|Any CPU = Debug|Any CPU
		Release|Any CPU = Release|Any CPU
	EndGlobalSection
	GlobalSection(ProjectConfigurationPlatforms) = postSolution
		{BDBABE06-780F-466B-BA71-A6695B19F00D}.Debug|Any CPU.ActiveCfg = Debug|Any CPU
		{BDBABE06-780F-466B-BA71-A6695B19F00D}.Debug|Any CPU.Build.0 = Debug|Any CPU
		{BDBABE06-780F-466B-BA71-A6695B19F00D}.Release|Any CPU.ActiveCfg = Release|Any CPU
		{BDBABE06-780F-466B-BA71-A6695B19F00D}.Release|Any CPU.Build.0 = Release|Any CPU
	EndGlobalSection
	GlobalSection(SolutionProperties) = preSolution
		HideSolutionNode = FALSE
	EndGlobalSection
	GlobalSection(ExtensibilityGlobals) = postSolution
		SolutionGuid = {770F76FB-0CE2-4EF2-91C7-6A4D1AC67480}
	EndGlobalSection
EndGlobal
