
Microsoft Visual Studio Solution File, Format Version 12.00
# Visual Studio Version 17
VisualStudioVersion = 17.1.32328.378
MinimumVisualStudioVersion = 10.0.40219.1
Project("{FAE04EC0-301F-11D3-BF4B-00C04F79EFBC}") = "EFDemoAsign546", "EFDemoAsign546.csproj", "{4574E258-F092-4DCF-A341-0CC5AE90FFDF}"
EndProject
Global
	GlobalSection(SolutionConfigurationPlatforms) = preSolution
		Debug|Any CPU = Debug|Any CPU
		Release|Any CPU = Release|Any CPU
	EndGlobalSection
	GlobalSection(ProjectConfigurationPlatforms) = postSolution
		{4574E258-F092-4DCF-A341-0CC5AE90FFDF}.Debug|Any CPU.ActiveCfg = Debug|Any CPU
		{4574E258-F092-4DCF-A341-0CC5AE90FFDF}.Debug|Any CPU.Build.0 = Debug|Any CPU
		{4574E258-F092-4DCF-A341-0CC5AE90FFDF}.Release|Any CPU.ActiveCfg = Release|Any CPU
		{4574E258-F092-4DCF-A341-0CC5AE90FFDF}.Release|Any CPU.Build.0 = Release|Any CPU
	EndGlobalSection
	GlobalSection(SolutionProperties) = preSolution
		HideSolutionNode = FALSE
	EndGlobalSection
	GlobalSection(ExtensibilityGlobals) = postSolution
		SolutionGuid = {058479D3-6282-4FB4-B45F-1DE7E6806AB2}
	EndGlobalSection
EndGlobal
