
Microsoft Visual Studio Solution File, Format Version 12.00
# Visual Studio Version 16
VisualStudioVersion = 16.0.32228.343
MinimumVisualStudioVersion = 10.0.40219.1
Project("{FAE04EC0-301F-11D3-BF4B-00C04F79EFBC}") = "Iterations", "Iterations.csproj", "{5089B4B8-0C1D-46C2-9123-D4FD4B1939BC}"
EndProject
Global
	GlobalSection(SolutionConfigurationPlatforms) = preSolution
		Debug|Any CPU = Debug|Any CPU
		Release|Any CPU = Release|Any CPU
	EndGlobalSection
	GlobalSection(ProjectConfigurationPlatforms) = postSolution
		{5089B4B8-0C1D-46C2-9123-D4FD4B1939BC}.Debug|Any CPU.ActiveCfg = Debug|Any CPU
		{5089B4B8-0C1D-46C2-9123-D4FD4B1939BC}.Debug|Any CPU.Build.0 = Debug|Any CPU
		{5089B4B8-0C1D-46C2-9123-D4FD4B1939BC}.Release|Any CPU.ActiveCfg = Release|Any CPU
		{5089B4B8-0C1D-46C2-9123-D4FD4B1939BC}.Release|Any CPU.Build.0 = Release|Any CPU
	EndGlobalSection
	GlobalSection(SolutionProperties) = preSolution
		HideSolutionNode = FALSE
	EndGlobalSection
	GlobalSection(ExtensibilityGlobals) = postSolution
		SolutionGuid = {20373C7B-315B-4DE8-8147-E5D47615C65F}
	EndGlobalSection
EndGlobal
