
Microsoft Visual Studio Solution File, Format Version 12.00
# Visual Studio Version 17
VisualStudioVersion = 17.1.32328.378
MinimumVisualStudioVersion = 10.0.40219.1
Project("{FAE04EC0-301F-11D3-BF4B-00C04F79EFBC}") = "StringsAndIntegersErrors", "StringsAndIntegersErrors.csproj", "{3E50F323-C654-43DD-B9B1-B334971E0607}"
EndProject
Global
	GlobalSection(SolutionConfigurationPlatforms) = preSolution
		Debug|Any CPU = Debug|Any CPU
		Release|Any CPU = Release|Any CPU
	EndGlobalSection
	GlobalSection(ProjectConfigurationPlatforms) = postSolution
		{3E50F323-C654-43DD-B9B1-B334971E0607}.Debug|Any CPU.ActiveCfg = Debug|Any CPU
		{3E50F323-C654-43DD-B9B1-B334971E0607}.Debug|Any CPU.Build.0 = Debug|Any CPU
		{3E50F323-C654-43DD-B9B1-B334971E0607}.Release|Any CPU.ActiveCfg = Release|Any CPU
		{3E50F323-C654-43DD-B9B1-B334971E0607}.Release|Any CPU.Build.0 = Release|Any CPU
	EndGlobalSection
	GlobalSection(SolutionProperties) = preSolution
		HideSolutionNode = FALSE
	EndGlobalSection
	GlobalSection(ExtensibilityGlobals) = postSolution
		SolutionGuid = {031C15B9-AE71-4971-BF32-0D833E44D855}
	EndGlobalSection
EndGlobal
