
Microsoft Visual Studio Solution File, Format Version 12.00
# Visual Studio Version 17
VisualStudioVersion = 17.1.32328.378
MinimumVisualStudioVersion = 10.0.40219.1
Project("{FAE04EC0-301F-11D3-BF4B-00C04F79EFBC}") = "VariablesAndDatatypes", "VariablesAndDatatypes\VariablesAndDatatypes.csproj", "{A38CC7EE-CB4E-4E27-9AA6-15071C32FCE8}"
EndProject
Global
	GlobalSection(SolutionConfigurationPlatforms) = preSolution
		Debug|Any CPU = Debug|Any CPU
		Release|Any CPU = Release|Any CPU
	EndGlobalSection
	GlobalSection(ProjectConfigurationPlatforms) = postSolution
		{A38CC7EE-CB4E-4E27-9AA6-15071C32FCE8}.Debug|Any CPU.ActiveCfg = Debug|Any CPU
		{A38CC7EE-CB4E-4E27-9AA6-15071C32FCE8}.Debug|Any CPU.Build.0 = Debug|Any CPU
		{A38CC7EE-CB4E-4E27-9AA6-15071C32FCE8}.Release|Any CPU.ActiveCfg = Release|Any CPU
		{A38CC7EE-CB4E-4E27-9AA6-15071C32FCE8}.Release|Any CPU.Build.0 = Release|Any CPU
	EndGlobalSection
	GlobalSection(SolutionProperties) = preSolution
		HideSolutionNode = FALSE
	EndGlobalSection
	GlobalSection(ExtensibilityGlobals) = postSolution
		SolutionGuid = {79BCFD7B-6F5B-4B77-9626-2B41321CD110}
	EndGlobalSection
EndGlobal
