
Microsoft Visual Studio Solution File, Format Version 12.00
# Visual Studio Version 16
VisualStudioVersion = 16.0.32228.343
MinimumVisualStudioVersion = 10.0.40219.1
Project("{FAE04EC0-301F-11D3-BF4B-00C04F79EFBC}") = "DoWhileAgain", "DoWhileAgain\DoWhileAgain.csproj", "{9BC4C7AB-CB23-4706-B05C-A067E1F910D4}"
EndProject
Global
	GlobalSection(SolutionConfigurationPlatforms) = preSolution
		Debug|Any CPU = Debug|Any CPU
		Release|Any CPU = Release|Any CPU
	EndGlobalSection
	GlobalSection(ProjectConfigurationPlatforms) = postSolution
		{9BC4C7AB-CB23-4706-B05C-A067E1F910D4}.Debug|Any CPU.ActiveCfg = Debug|Any CPU
		{9BC4C7AB-CB23-4706-B05C-A067E1F910D4}.Debug|Any CPU.Build.0 = Debug|Any CPU
		{9BC4C7AB-CB23-4706-B05C-A067E1F910D4}.Release|Any CPU.ActiveCfg = Release|Any CPU
		{9BC4C7AB-CB23-4706-B05C-A067E1F910D4}.Release|Any CPU.Build.0 = Release|Any CPU
	EndGlobalSection
	GlobalSection(SolutionProperties) = preSolution
		HideSolutionNode = FALSE
	EndGlobalSection
	GlobalSection(ExtensibilityGlobals) = postSolution
		SolutionGuid = {4F00E0DD-5E55-444C-9303-4E7938373505}
	EndGlobalSection
EndGlobal
